# This file is automatically @generated by Poetry 2.4.1 and should not be changed by hand.

[[package]]
name = "auraledger-erp"
version = "1.0.0"
description = "AuraLedger Finance & Accounting ERP Suite"
optional = false
python-versions = "^3.12"
files = []

[metadata]
lock-version = "2.0"
python-versions = "^3.12"
content-hash = "a5e8b8c2d1b816a7e8ea2d816d3d49f3"
